
Microsoft Visual Studio Solution File, Format Version 12.00
# Visual Studio Version 16
VisualStudioVersion = 16.0.30011.19
MinimumVisualStudioVersion = 10.0.40219.1
Project("{FAE04EC0-301F-11D3-BF4B-00C04F79EFBC}") = "ProjectTest", "ProjectTest.csproj", "{14971CE4-BB64-414E-ACF6-200C3DA29F36}"
EndProject
Project("{FAE04EC0-301F-11D3-BF4B-00C04F79EFBC}") = "ProjectTest.Libs", "..\ProjectTest.Libs\ProjectTest.Libs.csproj", "{D3F05892-18EC-4471-981C-7B0502E7FF67}"
EndProject
Project("{FAE04EC0-301F-11D3-BF4B-00C04F79EFBC}") = "ProjectTest.Tests", "..\ProjectTest.Tests\ProjectTest.Tests.csproj", "{AAC55BAA-F8EE-4B37-BACC-3BE2EAD50FD0}"
	ProjectSection(ProjectDependencies) = postProject
		{D3F05892-18EC-4471-981C-7B0502E7FF67} = {D3F05892-18EC-4471-981C-7B0502E7FF67}
		{14971CE4-BB64-414E-ACF6-200C3DA29F36} = {14971CE4-BB64-414E-ACF6-200C3DA29F36}
	EndProjectSection
EndProject
Global
	GlobalSection(SolutionConfigurationPlatforms) = preSolution
		Debug|Any CPU = Debug|Any CPU
		Release|Any CPU = Release|Any CPU
	EndGlobalSection
	GlobalSection(ProjectConfigurationPlatforms) = postSolution
		{14971CE4-BB64-414E-ACF6-200C3DA29F36}.Debug|Any CPU.ActiveCfg = Debug|Any CPU
		{14971CE4-BB64-414E-ACF6-200C3DA29F36}.Debug|Any CPU.Build.0 = Debug|Any CPU
		{14971CE4-BB64-414E-ACF6-200C3DA29F36}.Release|Any CPU.ActiveCfg = Release|Any CPU
		{14971CE4-BB64-414E-ACF6-200C3DA29F36}.Release|Any CPU.Build.0 = Release|Any CPU
		{D3F05892-18EC-4471-981C-7B0502E7FF67}.Debug|Any CPU.ActiveCfg = Debug|Any CPU
		{D3F05892-18EC-4471-981C-7B0502E7FF67}.Debug|Any CPU.Build.0 = Debug|Any CPU
		{D3F05892-18EC-4471-981C-7B0502E7FF67}.Release|Any CPU.ActiveCfg = Release|Any CPU
		{D3F05892-18EC-4471-981C-7B0502E7FF67}.Release|Any CPU.Build.0 = Release|Any CPU
		{AAC55BAA-F8EE-4B37-BACC-3BE2EAD50FD0}.Debug|Any CPU.ActiveCfg = Debug|Any CPU
		{AAC55BAA-F8EE-4B37-BACC-3BE2EAD50FD0}.Debug|Any CPU.Build.0 = Debug|Any CPU
		{AAC55BAA-F8EE-4B37-BACC-3BE2EAD50FD0}.Release|Any CPU.ActiveCfg = Release|Any CPU
		{AAC55BAA-F8EE-4B37-BACC-3BE2EAD50FD0}.Release|Any CPU.Build.0 = Release|Any CPU
	EndGlobalSection
	GlobalSection(SolutionProperties) = preSolution
		HideSolutionNode = FALSE
	EndGlobalSection
	GlobalSection(ExtensibilityGlobals) = postSolution
		SolutionGuid = {5DB53985-F288-4AA3-96AA-BCA6AB773E85}
	EndGlobalSection
EndGlobal
